
Microsoft Visual Studio Solution File, Format Version 12.00
# Visual Studio Version 16
VisualStudioVersion = 16.0.32901.82
MinimumVisualStudioVersion = 10.0.40219.1
Project("{FAE04EC0-301F-11D3-BF4B-00C04F79EFBC}") = "CreateReadUpdateDeleteProject", "CreateReadUpdateDeleteProject\CreateReadUpdateDeleteProject.csproj", "{5FEAA71D-7631-4D1C-BF37-4454A2682B8C}"
EndProject
Global
	GlobalSection(SolutionConfigurationPlatforms) = preSolution
		Debug|Any CPU = Debug|Any CPU
		Release|Any CPU = Release|Any CPU
	EndGlobalSection
	GlobalSection(ProjectConfigurationPlatforms) = postSolution
		{5FEAA71D-7631-4D1C-BF37-4454A2682B8C}.Debug|Any CPU.ActiveCfg = Debug|Any CPU
		{5FEAA71D-7631-4D1C-BF37-4454A2682B8C}.Debug|Any CPU.Build.0 = Debug|Any CPU
		{5FEAA71D-7631-4D1C-BF37-4454A2682B8C}.Release|Any CPU.ActiveCfg = Release|Any CPU
		{5FEAA71D-7631-4D1C-BF37-4454A2682B8C}.Release|Any CPU.Build.0 = Release|Any CPU
	EndGlobalSection
	GlobalSection(SolutionProperties) = preSolution
		HideSolutionNode = FALSE
	EndGlobalSection
	GlobalSection(ExtensibilityGlobals) = postSolution
		SolutionGuid = {290EC2F4-1B9B-43EC-9A4F-B9EE201D4ED1}
	EndGlobalSection
EndGlobal
